
Microsoft Visual Studio Solution File, Format Version 12.00
# Visual Studio Version 16
VisualStudioVersion = 16.0.31005.135
MinimumVisualStudioVersion = 10.0.40219.1
Project("{9A19103F-16F7-4668-BE54-9A1E7A4F7556}") = "TestingLogsWithSerilogDemo", "TestingLogsWithSerilogDemo\TestingLogsWithSerilogDemo.csproj", "{E0AD3B2F-1EB5-479F-B71E-4BA2CC98A358}"
EndProject
Project("{9A19103F-16F7-4668-BE54-9A1E7A4F7556}") = "TestingLogsWithSerilogDemo.Tests", "TestingLogsWithSerilogDemo.Tests\TestingLogsWithSerilogDemo.Tests.csproj", "{EF696987-3DD6-48D2-85AA-D19D096A7A4B}"
EndProject
Global
	GlobalSection(SolutionConfigurationPlatforms) = preSolution
		Debug|Any CPU = Debug|Any CPU
		Release|Any CPU = Release|Any CPU
	EndGlobalSection
	GlobalSection(ProjectConfigurationPlatforms) = postSolution
		{E0AD3B2F-1EB5-479F-B71E-4BA2CC98A358}.Debug|Any CPU.ActiveCfg = Debug|Any CPU
		{E0AD3B2F-1EB5-479F-B71E-4BA2CC98A358}.Debug|Any CPU.Build.0 = Debug|Any CPU
		{E0AD3B2F-1EB5-479F-B71E-4BA2CC98A358}.Release|Any CPU.ActiveCfg = Release|Any CPU
		{E0AD3B2F-1EB5-479F-B71E-4BA2CC98A358}.Release|Any CPU.Build.0 = Release|Any CPU
		{EF696987-3DD6-48D2-85AA-D19D096A7A4B}.Debug|Any CPU.ActiveCfg = Debug|Any CPU
		{EF696987-3DD6-48D2-85AA-D19D096A7A4B}.Debug|Any CPU.Build.0 = Debug|Any CPU
		{EF696987-3DD6-48D2-85AA-D19D096A7A4B}.Release|Any CPU.ActiveCfg = Release|Any CPU
		{EF696987-3DD6-48D2-85AA-D19D096A7A4B}.Release|Any CPU.Build.0 = Release|Any CPU
	EndGlobalSection
	GlobalSection(SolutionProperties) = preSolution
		HideSolutionNode = FALSE
	EndGlobalSection
	GlobalSection(ExtensibilityGlobals) = postSolution
		SolutionGuid = {24A6C16E-CDA3-46E9-9DDD-3A4C3C3B8A7C}
	EndGlobalSection
EndGlobal
