
Microsoft Visual Studio Solution File, Format Version 12.00
# Visual Studio Version 16
VisualStudioVersion = 16.0.31005.135
MinimumVisualStudioVersion = 10.0.40219.1
Project("{9A19103F-16F7-4668-BE54-9A1E7A4F7556}") = "AmbientDataDemo", "AmbientDataDemo\AmbientDataDemo.csproj", "{6CF6CD29-8687-4FAB-BB07-19E3F56B1C3A}"
EndProject
Global
	GlobalSection(SolutionConfigurationPlatforms) = preSolution
		Debug|Any CPU = Debug|Any CPU
		Release|Any CPU = Release|Any CPU
	EndGlobalSection
	GlobalSection(ProjectConfigurationPlatforms) = postSolution
		{6CF6CD29-8687-4FAB-BB07-19E3F56B1C3A}.Debug|Any CPU.ActiveCfg = Debug|Any CPU
		{6CF6CD29-8687-4FAB-BB07-19E3F56B1C3A}.Debug|Any CPU.Build.0 = Debug|Any CPU
		{6CF6CD29-8687-4FAB-BB07-19E3F56B1C3A}.Release|Any CPU.ActiveCfg = Release|Any CPU
		{6CF6CD29-8687-4FAB-BB07-19E3F56B1C3A}.Release|Any CPU.Build.0 = Release|Any CPU
	EndGlobalSection
	GlobalSection(SolutionProperties) = preSolution
		HideSolutionNode = FALSE
	EndGlobalSection
	GlobalSection(ExtensibilityGlobals) = postSolution
		SolutionGuid = {24A6C16E-CDA3-46E9-9DDD-3A4C3C3B8A7C}
	EndGlobalSection
EndGlobal
